
Microsoft Visual Studio Solution File, Format Version 12.00
# Visual Studio Version 16
VisualStudioVersion = 16.0.810.11
MinimumVisualStudioVersion = 10.0.40219.1
Project("{FAE04EC0-301F-11D3-BF4B-00C04F79EFBC}") = "teste", "teste\teste.csproj", "{DA9DA54D-B824-4F3F-92B3-A7CC9E84F58C}"
EndProject
Global
	GlobalSection(SolutionConfigurationPlatforms) = preSolution
		Debug|Any CPU = Debug|Any CPU
		Release|Any CPU = Release|Any CPU
	EndGlobalSection
	GlobalSection(ProjectConfigurationPlatforms) = postSolution
		{DA9DA54D-B824-4F3F-92B3-A7CC9E84F58C}.Debug|Any CPU.ActiveCfg = Debug|Any CPU
		{DA9DA54D-B824-4F3F-92B3-A7CC9E84F58C}.Debug|Any CPU.Build.0 = Debug|Any CPU
		{DA9DA54D-B824-4F3F-92B3-A7CC9E84F58C}.Release|Any CPU.ActiveCfg = Release|Any CPU
		{DA9DA54D-B824-4F3F-92B3-A7CC9E84F58C}.Release|Any CPU.Build.0 = Release|Any CPU
	EndGlobalSection
	GlobalSection(SolutionProperties) = preSolution
		HideSolutionNode = FALSE
	EndGlobalSection
	GlobalSection(ExtensibilityGlobals) = postSolution
		SolutionGuid = {49775399-7235-46D5-9B5A-03A8258E05C1}
	EndGlobalSection
EndGlobal
